// !$*UTF8*$!
{
	archiveVersion = 1;
	classes = {
	};
	objectVersion = 56;
	objects = {

/* Begin PBXBuildFile section */
		795867212A93B88400D29C56 /* DataModel.swift in Sources */ = {isa = PBXBuildFile; fileRef = 795867202A93B88400D29C56 /* DataModel.swift */; };
		799C75A02A8E5AF100C59575 /* AppDelegate.swift in Sources */ = {isa = PBXBuildFile; fileRef = 799C759F2A8E5AF100C59575 /* AppDelegate.swift */; };
		799C75A22A8E5AF100C59575 /* SceneDelegate.swift in Sources */ = {isa = PBXBuildFile; fileRef = 799C75A12A8E5AF100C59575 /* SceneDelegate.swift */; };
		799C75A42A8E5AF100C59575 /* WelcomViewController.swift in Sources */ = {isa = PBXBuildFile; fileRef = 799C75A32A8E5AF100C59575 /* WelcomViewController.swift */; };
		799C75A72A8E5AF100C59575 /* Main.storyboard in Resources */ = {isa = PBXBuildFile; fileRef = 799C75A52A8E5AF100C59575 /* Main.storyboard */; };
		799C75A92A8E5AF200C59575 /* Assets.xcassets in Resources */ = {isa = PBXBuildFile; fileRef = 799C75A82A8E5AF200C59575 /* Assets.xcassets */; };
		799C75AC2A8E5AF200C59575 /* LaunchScreen.storyboard in Resources */ = {isa = PBXBuildFile; fileRef = 799C75AA2A8E5AF200C59575 /* LaunchScreen.storyboard */; };
		799C75B82A8E9B9F00C59575 /* RegisterViewController.swift in Sources */ = {isa = PBXBuildFile; fileRef = 799C75B72A8E9B9F00C59575 /* RegisterViewController.swift */; };
		799C75BA2A8E9DEC00C59575 /* LoginViewController.swift in Sources */ = {isa = PBXBuildFile; fileRef = 799C75B92A8E9DEC00C59575 /* LoginViewController.swift */; };
		799C75C42A92F1D000C59575 /* MainController.swift in Sources */ = {isa = PBXBuildFile; fileRef = 799C75C32A92F1D000C59575 /* MainController.swift */; };
		799C75C62A92F1F000C59575 /* SensorsViewController.swift in Sources */ = {isa = PBXBuildFile; fileRef = 799C75C52A92F1F000C59575 /* SensorsViewController.swift */; };
		79DC77EB2A9630C800EF8145 /* GoogleService-Info.plist in Resources */ = {isa = PBXBuildFile; fileRef = 79DC77EA2A9630C800EF8145 /* GoogleService-Info.plist */; };
		CFEF9C1A110AC89A4E216041 /* Pods_Auto_Home.framework in Frameworks */ = {isa = PBXBuildFile; fileRef = 87A6E8D3CCFDB59F0EC39543 /* Pods_Auto_Home.framework */; };
/* End PBXBuildFile section */

/* Begin PBXFileReference section */
		795867202A93B88400D29C56 /* DataModel.swift */ = {isa = PBXFileReference; lastKnownFileType = sourcecode.swift; path = DataModel.swift; sourceTree = "<group>"; };
		799C759C2A8E5AF100C59575 /* Auto Home.app */ = {isa = PBXFileReference; explicitFileType = wrapper.application; includeInIndex = 0; path = "Auto Home.app"; sourceTree = BUILT_PRODUCTS_DIR; };
		799C759F2A8E5AF100C59575 /* AppDelegate.swift */ = {isa = PBXFileReference; lastKnownFileType = sourcecode.swift; path = AppDelegate.swift; sourceTree = "<group>"; };
		799C75A12A8E5AF100C59575 /* SceneDelegate.swift */ = {isa = PBXFileReference; lastKnownFileType = sourcecode.swift; path = SceneDelegate.swift; sourceTree = "<group>"; };
		799C75A32A8E5AF100C59575 /* WelcomViewController.swift */ = {isa = PBXFileReference; lastKnownFileType = sourcecode.swift; path = WelcomViewController.swift; sourceTree = "<group>"; };
		799C75A62A8E5AF100C59575 /* Base */ = {isa = PBXFileReference; lastKnownFileType = file.storyboard; name = Base; path = Base.lproj/Main.storyboard; sourceTree = "<group>"; };
		799C75A82A8E5AF200C59575 /* Assets.xcassets */ = {isa = PBXFileReference; lastKnownFileType = folder.assetcatalog; path = Assets.xcassets; sourceTree = "<group>"; };
		799C75AB2A8E5AF200C59575 /* Base */ = {isa = PBXFileReference; lastKnownFileType = file.storyboard; name = Base; path = Base.lproj/LaunchScreen.storyboard; sourceTree = "<group>"; };
		799C75AD2A8E5AF200C59575 /* Info.plist */ = {isa = PBXFileReference; lastKnownFileType = text.plist.xml; path = Info.plist; sourceTree = "<group>"; };
		799C75B72A8E9B9F00C59575 /* RegisterViewController.swift */ = {isa = PBXFileReference; lastKnownFileType = sourcecode.swift; path = RegisterViewController.swift; sourceTree = "<group>"; };
		799C75B92A8E9DEC00C59575 /* LoginViewController.swift */ = {isa = PBXFileReference; lastKnownFileType = sourcecode.swift; path = LoginViewController.swift; sourceTree = "<group>"; };
		799C75C32A92F1D000C59575 /* MainController.swift */ = {isa = PBXFileReference; lastKnownFileType = sourcecode.swift; path = MainController.swift; sourceTree = "<group>"; };
		799C75C52A92F1F000C59575 /* SensorsViewController.swift */ = {isa = PBXFileReference; lastKnownFileType = sourcecode.swift; path = SensorsViewController.swift; sourceTree = "<group>"; };
		79DC77EA2A9630C800EF8145 /* GoogleService-Info.plist */ = {isa = PBXFileReference; fileEncoding = 4; lastKnownFileType = text.plist.xml; name = "GoogleService-Info.plist"; path = "../../../GoogleService-Info.plist"; sourceTree = "<group>"; };
		87A6E8D3CCFDB59F0EC39543 /* Pods_Auto_Home.framework */ = {isa = PBXFileReference; explicitFileType = wrapper.framework; includeInIndex = 0; path = Pods_Auto_Home.framework; sourceTree = BUILT_PRODUCTS_DIR; };
		9F82C56DE2268164237D6680 /* Pods-Auto Home.debug.xcconfig */ = {isa = PBXFileReference; includeInIndex = 1; lastKnownFileType = text.xcconfig; name = "Pods-Auto Home.debug.xcconfig"; path = "Target Support Files/Pods-Auto Home/Pods-Auto Home.debug.xcconfig"; sourceTree = "<group>"; };
		E1B7165369771E646600413A /* Pods-Auto Home.release.xcconfig */ = {isa = PBXFileReference; includeInIndex = 1; lastKnownFileType = text.xcconfig; name = "Pods-Auto Home.release.xcconfig"; path = "Target Support Files/Pods-Auto Home/Pods-Auto Home.release.xcconfig"; sourceTree = "<group>"; };
/* End PBXFileReference section */

/* Begin PBXFrameworksBuildPhase section */
		799C75992A8E5AF100C59575 /* Frameworks */ = {
			isa = PBXFrameworksBuildPhase;
			buildActionMask = 2147483647;
			files = (
				CFEF9C1A110AC89A4E216041 /* Pods_Auto_Home.framework in Frameworks */,
			);
			runOnlyForDeploymentPostprocessing = 0;
		};
/* End PBXFrameworksBuildPhase section */

/* Begin PBXGroup section */
		5469801B7D6BE05D77B98106 /* Frameworks */ = {
			isa = PBXGroup;
			children = (
				87A6E8D3CCFDB59F0EC39543 /* Pods_Auto_Home.framework */,
			);
			name = Frameworks;
			sourceTree = "<group>";
		};
		5EFE56FAC3C3AFC4C2525403 /* Pods */ = {
			isa = PBXGroup;
			children = (
				9F82C56DE2268164237D6680 /* Pods-Auto Home.debug.xcconfig */,
				E1B7165369771E646600413A /* Pods-Auto Home.release.xcconfig */,
			);
			path = Pods;
			sourceTree = "<group>";
		};
		795867222A93B9A700D29C56 /* Model */ = {
			isa = PBXGroup;
			children = (
				795867202A93B88400D29C56 /* DataModel.swift */,
			);
			path = Model;
			sourceTree = "<group>";
		};
		799C75932A8E5AF100C59575 = {
			isa = PBXGroup;
			children = (
				799C759E2A8E5AF100C59575 /* Auto Home */,
				799C759D2A8E5AF100C59575 /* Products */,
				5EFE56FAC3C3AFC4C2525403 /* Pods */,
				5469801B7D6BE05D77B98106 /* Frameworks */,
			);
			sourceTree = "<group>";
		};
		799C759D2A8E5AF100C59575 /* Products */ = {
			isa = PBXGroup;
			children = (
				799C759C2A8E5AF100C59575 /* Auto Home.app */,
			);
			name = Products;
			sourceTree = "<group>";
		};
		799C759E2A8E5AF100C59575 /* Auto Home */ = {
			isa = PBXGroup;
			children = (
				799C759F2A8E5AF100C59575 /* AppDelegate.swift */,
				799C75A12A8E5AF100C59575 /* SceneDelegate.swift */,
				799C75B42A8E6AFF00C59575 /* controllers */,
				795867222A93B9A700D29C56 /* Model */,
				799C75B32A8E6AF000C59575 /* view */,
				799C75A82A8E5AF200C59575 /* Assets.xcassets */,
				799C75AA2A8E5AF200C59575 /* LaunchScreen.storyboard */,
				799C75AD2A8E5AF200C59575 /* Info.plist */,
				79DC77EA2A9630C800EF8145 /* GoogleService-Info.plist */,
			);
			path = "Auto Home";
			sourceTree = "<group>";
		};
		799C75B32A8E6AF000C59575 /* view */ = {
			isa = PBXGroup;
			children = (
				799C75A52A8E5AF100C59575 /* Main.storyboard */,
			);
			path = view;
			sourceTree = "<group>";
		};
		799C75B42A8E6AFF00C59575 /* controllers */ = {
			isa = PBXGroup;
			children = (
				799C75A32A8E5AF100C59575 /* WelcomViewController.swift */,
				799C75B72A8E9B9F00C59575 /* RegisterViewController.swift */,
				799C75B92A8E9DEC00C59575 /* LoginViewController.swift */,
				799C75C32A92F1D000C59575 /* MainController.swift */,
				799C75C52A92F1F000C59575 /* SensorsViewController.swift */,
			);
			path = controllers;
			sourceTree = "<group>";
		};
/* End PBXGroup section */

/* Begin PBXNativeTarget section */
		799C759B2A8E5AF100C59575 /* Auto Home */ = {
			isa = PBXNativeTarget;
			buildConfigurationList = 799C75B02A8E5AF200C59575 /* Build configuration list for PBXNativeTarget "Auto Home" */;
			buildPhases = (
				361264240AF399E99C3BC54D /* [CP] Check Pods Manifest.lock */,
				799C75982A8E5AF100C59575 /* Sources */,
				799C75992A8E5AF100C59575 /* Frameworks */,
				799C759A2A8E5AF100C59575 /* Resources */,
				B64B835BED96BC0D3166BCB0 /* [CP] Embed Pods Frameworks */,
			);
			buildRules = (
			);
			dependencies = (
			);
			name = "Auto Home";
			packageProductDependencies = (
			);
			productName = "Auto Home";
			productReference = 799C759C2A8E5AF100C59575 /* Auto Home.app */;
			productType = "com.apple.product-type.application";
		};
/* End PBXNativeTarget section */

/* Begin PBXProject section */
		799C75942A8E5AF100C59575 /* Project object */ = {
			isa = PBXProject;
			attributes = {
				BuildIndependentTargetsInParallel = 1;
				LastSwiftUpdateCheck = 1420;
				LastUpgradeCheck = 1420;
				TargetAttributes = {
					799C759B2A8E5AF100C59575 = {
						CreatedOnToolsVersion = 14.2;
					};
				};
			};
			buildConfigurationList = 799C75972A8E5AF100C59575 /* Build configuration list for PBXProject "Auto Home" */;
			compatibilityVersion = "Xcode 14.0";
			developmentRegion = en;
			hasScannedForEncodings = 0;
			knownRegions = (
				en,
				Base,
			);
			mainGroup = 799C75932A8E5AF100C59575;
			packageReferences = (
			);
			productRefGroup = 799C759D2A8E5AF100C59575 /* Products */;
			projectDirPath = "";
			projectRoot = "";
			targets = (
				799C759B2A8E5AF100C59575 /* Auto Home */,
			);
		};
/* End PBXProject section */

/* Begin PBXResourcesBuildPhase section */
		799C759A2A8E5AF100C59575 /* Resources */ = {
			isa = PBXResourcesBuildPhase;
			buildActionMask = 2147483647;
			files = (
				799C75AC2A8E5AF200C59575 /* LaunchScreen.storyboard in Resources */,
				79DC77EB2A9630C800EF8145 /* GoogleService-Info.plist in Resources */,
				799C75A92A8E5AF200C59575 /* Assets.xcassets in Resources */,
				799C75A72A8E5AF100C59575 /* Main.storyboard in Resources */,
			);
			runOnlyForDeploymentPostprocessing = 0;
		};
/* End PBXResourcesBuildPhase section */

/* Begin PBXShellScriptBuildPhase section */
		361264240AF399E99C3BC54D /* [CP] Check Pods Manifest.lock */ = {
			isa = PBXShellScriptBuildPhase;
			buildActionMask = 2147483647;
			files = (
			);
			inputFileListPaths = (
			);
			inputPaths = (
				"${PODS_PODFILE_DIR_PATH}/Podfile.lock",
				"${PODS_ROOT}/Manifest.lock",
			);
			name = "[CP] Check Pods Manifest.lock";
			outputFileListPaths = (
			);
			outputPaths = (
				"$(DERIVED_FILE_DIR)/Pods-Auto Home-checkManifestLockResult.txt",
			);
			runOnlyForDeploymentPostprocessing = 0;
			shellPath = /bin/sh;
			shellScript = "diff \"${PODS_PODFILE_DIR_PATH}/Podfile.lock\" \"${PODS_ROOT}/Manifest.lock\" > /dev/null\nif [ $? != 0 ] ; then\n    # print error to STDERR\n    echo \"error: The sandbox is not in sync with the Podfile.lock. Run 'pod install' or update your CocoaPods installation.\" >&2\n    exit 1\nfi\n# This output is used by Xcode 'outputs' to avoid re-running this script phase.\necho \"SUCCESS\" > \"${SCRIPT_OUTPUT_FILE_0}\"\n";
			showEnvVarsInLog = 0;
		};
		B64B835BED96BC0D3166BCB0 /* [CP] Embed Pods Frameworks */ = {
			isa = PBXShellScriptBuildPhase;
			buildActionMask = 2147483647;
			files = (
			);
			inputFileListPaths = (
				"${PODS_ROOT}/Target Support Files/Pods-Auto Home/Pods-Auto Home-frameworks-${CONFIGURATION}-input-files.xcfilelist",
			);
			name = "[CP] Embed Pods Frameworks";
			outputFileListPaths = (
				"${PODS_ROOT}/Target Support Files/Pods-Auto Home/Pods-Auto Home-frameworks-${CONFIGURATION}-output-files.xcfilelist",
			);
			runOnlyForDeploymentPostprocessing = 0;
			shellPath = /bin/sh;
			shellScript = "\"${PODS_ROOT}/Target Support Files/Pods-Auto Home/Pods-Auto Home-frameworks.sh\"\n";
			showEnvVarsInLog = 0;
		};
/* End PBXShellScriptBuildPhase section */

/* Begin PBXSourcesBuildPhase section */
		799C75982A8E5AF100C59575 /* Sources */ = {
			isa = PBXSourcesBuildPhase;
			buildActionMask = 2147483647;
			files = (
				799C75A42A8E5AF100C59575 /* WelcomViewController.swift in Sources */,
				799C75C62A92F1F000C59575 /* SensorsViewController.swift in Sources */,
				799C75A02A8E5AF100C59575 /* AppDelegate.swift in Sources */,
				799C75A22A8E5AF100C59575 /* SceneDelegate.swift in Sources */,
				799C75BA2A8E9DEC00C59575 /* LoginViewController.swift in Sources */,
				795867212A93B88400D29C56 /* DataModel.swift in Sources */,
				799C75C42A92F1D000C59575 /* MainController.swift in Sources */,
				799C75B82A8E9B9F00C59575 /* RegisterViewController.swift in Sources */,
			);
			runOnlyForDeploymentPostprocessing = 0;
		};
/* End PBXSourcesBuildPhase section */

/* Begin PBXVariantGroup section */
		799C75A52A8E5AF100C59575 /* Main.storyboard */ = {
			isa = PBXVariantGroup;
			children = (
				799C75A62A8E5AF100C59575 /* Base */,
			);
			name = Main.storyboard;
			sourceTree = "<group>";
		};
		799C75AA2A8E5AF200C59575 /* LaunchScreen.storyboard */ = {
			isa = PBXVariantGroup;
			children = (
				799C75AB2A8E5AF200C59575 /* Base */,
			);
			name = LaunchScreen.storyboard;
			sourceTree = "<group>";
		};
/* End PBXVariantGroup section */

/* Begin XCBuildConfiguration section */
		799C75AE2A8E5AF200C59575 /* Debug */ = {
			isa = XCBuildConfiguration;
			buildSettings = {
				ALWAYS_SEARCH_USER_PATHS = NO;
				CLANG_ANALYZER_NONNULL = YES;
				CLANG_ANALYZER_NUMBER_OBJECT_CONVERSION = YES_AGGRESSIVE;
				CLANG_CXX_LANGUAGE_STANDARD = "gnu++20";
				CLANG_ENABLE_MODULES = YES;
				CLANG_ENABLE_OBJC_ARC = YES;
				CLANG_ENABLE_OBJC_WEAK = YES;
				CLANG_WARN_BLOCK_CAPTURE_AUTORELEASING = YES;
				CLANG_WARN_BOOL_CONVERSION = YES;
				CLANG_WARN_COMMA = YES;
				CLANG_WARN_CONSTANT_CONVERSION = YES;
				CLANG_WARN_DEPRECATED_OBJC_IMPLEMENTATIONS = YES;
				CLANG_WARN_DIRECT_OBJC_ISA_USAGE = YES_ERROR;
				CLANG_WARN_DOCUMENTATION_COMMENTS = YES;
				CLANG_WARN_EMPTY_BODY = YES;
				CLANG_WARN_ENUM_CONVERSION = YES;
				CLANG_WARN_INFINITE_RECURSION = YES;
				CLANG_WARN_INT_CONVERSION = YES;
				CLANG_WARN_NON_LITERAL_NULL_CONVERSION = YES;
				CLANG_WARN_OBJC_IMPLICIT_RETAIN_SELF = YES;
				CLANG_WARN_OBJC_LITERAL_CONVERSION = YES;
				CLANG_WARN_OBJC_ROOT_CLASS = YES_ERROR;
				CLANG_WARN_QUOTED_INCLUDE_IN_FRAMEWORK_HEADER = YES;
				CLANG_WARN_RANGE_LOOP_ANALYSIS = YES;
				CLANG_WARN_STRICT_PROTOTYPES = YES;
				CLANG_WARN_SUSPICIOUS_MOVE = YES;
				CLANG_WARN_UNGUARDED_AVAILABILITY = YES_AGGRESSIVE;
				CLANG_WARN_UNREACHABLE_CODE = YES;
				CLANG_WARN__DUPLICATE_METHOD_MATCH = YES;
				COPY_PHASE_STRIP = NO;
				DEBUG_INFORMATION_FORMAT = dwarf;
				ENABLE_STRICT_OBJC_MSGSEND = YES;
				ENABLE_TESTABILITY = YES;
				GCC_C_LANGUAGE_STANDARD = gnu11;
				GCC_DYNAMIC_NO_PIC = NO;
				GCC_NO_COMMON_BLOCKS = YES;
				GCC_OPTIMIZATION_LEVEL = 0;
				GCC_PREPROCESSOR_DEFINITIONS = (
					"DEBUG=1",
					"$(inherited)",
				);
				GCC_WARN_64_TO_32_BIT_CONVERSION = YES;
				GCC_WARN_ABOUT_RETURN_TYPE = YES_ERROR;
				GCC_WARN_UNDECLARED_SELECTOR = YES;
				GCC_WARN_UNINITIALIZED_AUTOS = YES_AGGRESSIVE;
				GCC_WARN_UNUSED_FUNCTION = YES;
				GCC_WARN_UNUSED_VARIABLE = YES;
				IPHONEOS_DEPLOYMENT_TARGET = 16.0;
				MTL_ENABLE_DEBUG_INFO = INCLUDE_SOURCE;
				MTL_FAST_MATH = YES;
				ONLY_ACTIVE_ARCH = YES;
				SDKROOT = iphoneos;
				SWIFT_ACTIVE_COMPILATION_CONDITIONS = DEBUG;
				SWIFT_OPTIMIZATION_LEVEL = "-Onone";
			};
			name = Debug;
		};
		799C75AF2A8E5AF200C59575 /* Release */ = {
			isa = XCBuildConfiguration;
			buildSettings = {
				ALWAYS_SEARCH_USER_PATHS = NO;
				CLANG_ANALYZER_NONNULL = YES;
				CLANG_ANALYZER_NUMBER_OBJECT_CONVERSION = YES_AGGRESSIVE;
				CLANG_CXX_LANGUAGE_STANDARD = "gnu++20";
				CLANG_ENABLE_MODULES = YES;
				CLANG_ENABLE_OBJC_ARC = YES;
				CLANG_ENABLE_OBJC_WEAK = YES;
				CLANG_WARN_BLOCK_CAPTURE_AUTORELEASING = YES;
				CLANG_WARN_BOOL_CONVERSION = YES;
				CLANG_WARN_COMMA = YES;
				CLANG_WARN_CONSTANT_CONVERSION = YES;
				CLANG_WARN_DEPRECATED_OBJC_IMPLEMENTATIONS = YES;
				CLANG_WARN_DIRECT_OBJC_ISA_USAGE = YES_ERROR;
				CLANG_WARN_DOCUMENTATION_COMMENTS = YES;
				CLANG_WARN_EMPTY_BODY = YES;
				CLANG_WARN_ENUM_CONVERSION = YES;
				CLANG_WARN_INFINITE_RECURSION = YES;
				CLANG_WARN_INT_CONVERSION = YES;
				CLANG_WARN_NON_LITERAL_NULL_CONVERSION = YES;
				CLANG_WARN_OBJC_IMPLICIT_RETAIN_SELF = YES;
				CLANG_WARN_OBJC_LITERAL_CONVERSION = YES;
				CLANG_WARN_OBJC_ROOT_CLASS = YES_ERROR;
				CLANG_WARN_QUOTED_INCLUDE_IN_FRAMEWORK_HEADER = YES;
				CLANG_WARN_RANGE_LOOP_ANALYSIS = YES;
				CLANG_WARN_STRICT_PROTOTYPES = YES;
				CLANG_WARN_SUSPICIOUS_MOVE = YES;
				CLANG_WARN_UNGUARDED_AVAILABILITY = YES_AGGRESSIVE;
				CLANG_WARN_UNREACHABLE_CODE = YES;
				CLANG_WARN__DUPLICATE_METHOD_MATCH = YES;
				COPY_PHASE_STRIP = NO;
				DEBUG_INFORMATION_FORMAT = "dwarf-with-dsym";
				ENABLE_NS_ASSERTIONS = NO;
				ENABLE_STRICT_OBJC_MSGSEND = YES;
				GCC_C_LANGUAGE_STANDARD = gnu11;
				GCC_NO_COMMON_BLOCKS = YES;
				GCC_WARN_64_TO_32_BIT_CONVERSION = YES;
				GCC_WARN_ABOUT_RETURN_TYPE = YES_ERROR;
				GCC_WARN_UNDECLARED_SELECTOR = YES;
				GCC_WARN_UNINITIALIZED_AUTOS = YES_AGGRESSIVE;
				GCC_WARN_UNUSED_FUNCTION = YES;
				GCC_WARN_UNUSED_VARIABLE = YES;
				IPHONEOS_DEPLOYMENT_TARGET = 16.0;
				MTL_ENABLE_DEBUG_INFO = NO;
				MTL_FAST_MATH = YES;
				SDKROOT = iphoneos;
				SWIFT_COMPILATION_MODE = wholemodule;
				SWIFT_OPTIMIZATION_LEVEL = "-O";
				VALIDATE_PRODUCT = YES;
			};
			name = Release;
		};
		799C75B12A8E5AF200C59575 /* Debug */ = {
			isa = XCBuildConfiguration;
			baseConfigurationReference = 9F82C56DE2268164237D6680 /* Pods-Auto Home.debug.xcconfig */;
			buildSettings = {
				ASSETCATALOG_COMPILER_APPICON_NAME = AppIcon;
				ASSETCATALOG_COMPILER_GLOBAL_ACCENT_COLOR_NAME = AccentColor;
				CODE_SIGN_STYLE = Automatic;
				CURRENT_PROJECT_VERSION = 1;
				DEVELOPMENT_TEAM = 256Z2CJLC2;
				GENERATE_INFOPLIST_FILE = YES;
				INFOPLIST_FILE = "Auto Home/Info.plist";
				INFOPLIST_KEY_UIApplicationSupportsIndirectInputEvents = YES;
				INFOPLIST_KEY_UILaunchStoryboardName = LaunchScreen;
				INFOPLIST_KEY_UIMainStoryboardFile = Main;
				INFOPLIST_KEY_UISupportedInterfaceOrientations_iPad = "UIInterfaceOrientationPortrait UIInterfaceOrientationPortraitUpsideDown UIInterfaceOrientationLandscapeLeft UIInterfaceOrientationLandscapeRight";
				INFOPLIST_KEY_UISupportedInterfaceOrientations_iPhone = "UIInterfaceOrientationPortrait UIInterfaceOrientationLandscapeLeft UIInterfaceOrientationLandscapeRight";
				IPHONEOS_DEPLOYMENT_TARGET = 16.0;
				LD_RUNPATH_SEARCH_PATHS = (
					"$(inherited)",
					"@executable_path/Frameworks",
				);
				MARKETING_VERSION = 1.0;
				PRODUCT_BUNDLE_IDENTIFIER = "com.mohamed.Auto-Home";
				PRODUCT_NAME = "$(TARGET_NAME)";
				SWIFT_EMIT_LOC_STRINGS = YES;
				SWIFT_VERSION = 5.0;
				TARGETED_DEVICE_FAMILY = "1,2";
			};
			name = Debug;
		};
		799C75B22A8E5AF200C59575 /* Release */ = {
			isa = XCBuildConfiguration;
			baseConfigurationReference = E1B7165369771E646600413A /* Pods-Auto Home.release.xcconfig */;
			buildSettings = {
				ASSETCATALOG_COMPILER_APPICON_NAME = AppIcon;
				ASSETCATALOG_COMPILER_GLOBAL_ACCENT_COLOR_NAME = AccentColor;
				CODE_SIGN_STYLE = Automatic;
				CURRENT_PROJECT_VERSION = 1;
				DEVELOPMENT_TEAM = 256Z2CJLC2;
				GENERATE_INFOPLIST_FILE = YES;
				INFOPLIST_FILE = "Auto Home/Info.plist";
				INFOPLIST_KEY_UIApplicationSupportsIndirectInputEvents = YES;
				INFOPLIST_KEY_UILaunchStoryboardName = LaunchScreen;
				INFOPLIST_KEY_UIMainStoryboardFile = Main;
				INFOPLIST_KEY_UISupportedInterfaceOrientations_iPad = "UIInterfaceOrientationPortrait UIInterfaceOrientationPortraitUpsideDown UIInterfaceOrientationLandscapeLeft UIInterfaceOrientationLandscapeRight";
				INFOPLIST_KEY_UISupportedInterfaceOrientations_iPhone = "UIInterfaceOrientationPortrait UIInterfaceOrientationLandscapeLeft UIInterfaceOrientationLandscapeRight";
				IPHONEOS_DEPLOYMENT_TARGET = 16.0;
				LD_RUNPATH_SEARCH_PATHS = (
					"$(inherited)",
					"@executable_path/Frameworks",
				);
				MARKETING_VERSION = 1.0;
				PRODUCT_BUNDLE_IDENTIFIER = "com.mohamed.Auto-Home";
				PRODUCT_NAME = "$(TARGET_NAME)";
				SWIFT_EMIT_LOC_STRINGS = YES;
				SWIFT_VERSION = 5.0;
				TARGETED_DEVICE_FAMILY = "1,2";
			};
			name = Release;
		};
/* End XCBuildConfiguration section */

/* Begin XCConfigurationList section */
		799C75972A8E5AF100C59575 /* Build configuration list for PBXProject "Auto Home" */ = {
			isa = XCConfigurationList;
			buildConfigurations = (
				799C75AE2A8E5AF200C59575 /* Debug */,
				799C75AF2A8E5AF200C59575 /* Release */,
			);
			defaultConfigurationIsVisible = 0;
			defaultConfigurationName = Release;
		};
		799C75B02A8E5AF200C59575 /* Build configuration list for PBXNativeTarget "Auto Home" */ = {
			isa = XCConfigurationList;
			buildConfigurations = (
				799C75B12A8E5AF200C59575 /* Debug */,
				799C75B22A8E5AF200C59575 /* Release */,
			);
			defaultConfigurationIsVisible = 0;
			defaultConfigurationName = Release;
		};
/* End XCConfigurationList section */
	};
	rootObject = 799C75942A8E5AF100C59575 /* Project object */;
}
